
Microsoft Visual Studio Solution File, Format Version 12.00
# Visual Studio Version 16
VisualStudioVersion = 16.0.29020.237
MinimumVisualStudioVersion = 10.0.40219.1
Project("{FAE04EC0-301F-11D3-BF4B-00C04F79EFBC}") = "Kugar.Tools.SMS", "Kugar.Tools.SMS\Kugar.Tools.SMS.csproj", "{86A336A6-2934-44F2-AC20-D5C61B6FC151}"
EndProject
Global
	GlobalSection(SolutionConfigurationPlatforms) = preSolution
		Debug|Any CPU = Debug|Any CPU
		Release|Any CPU = Release|Any CPU
	EndGlobalSection
	GlobalSection(ProjectConfigurationPlatforms) = postSolution
		{86A336A6-2934-44F2-AC20-D5C61B6FC151}.Debug|Any CPU.ActiveCfg = Debug|Any CPU
		{86A336A6-2934-44F2-AC20-D5C61B6FC151}.Debug|Any CPU.Build.0 = Debug|Any CPU
		{86A336A6-2934-44F2-AC20-D5C61B6FC151}.Release|Any CPU.ActiveCfg = Release|Any CPU
		{86A336A6-2934-44F2-AC20-D5C61B6FC151}.Release|Any CPU.Build.0 = Release|Any CPU
	EndGlobalSection
	GlobalSection(SolutionProperties) = preSolution
		HideSolutionNode = FALSE
	EndGlobalSection
	GlobalSection(ExtensibilityGlobals) = postSolution
		SolutionGuid = {E6E746E2-F461-41C4-8628-DE81EF9CF241}
	EndGlobalSection
EndGlobal
